{"capabilities":[{"descriptor":{"approval":{"kind":"none"},"confirmation":{"kind":"none"},"consent":{"kind":"none"},"descriptorDigest":"cb4a5ed0a4d52b3a0f0f94003e9572b96dc5127df6172363d562644f0679506a","effect":"read_only","executionModes":["immediate"],"freshness":{"maxAdmissionAgeSeconds":null,"maxInputAgeSeconds":null,"policyRevisionRequired":false},"idempotency":{"kind":"none"},"identity":{"name":"cases.read","version":"1.2.0"},"inputSchema":{"$schema":"https://json-schema.org/draft/2020-12/schema","type":"object"},"outputSchema":{"$schema":"https://json-schema.org/draft/2020-12/schema","type":"object"},"preconditions":[],"resourceSelectorSchema":{"type":"string"},"stableErrors":[],"summary":"Read a support case"},"descriptorDigest":"cb4a5ed0a4d52b3a0f0f94003e9572b96dc5127df6172363d562644f0679506a","identity":{"name":"cases.read","version":"1.2.0"},"inputSchemaDigest":"57cf34f239c83c8acec90d5c9aabcc5dbbd9691bd4eca61f0dd6c7bd1d053dff","outputSchemaDigest":"7ac760a269f6430fc9bb45897324e2b89695ce365155639e5c8d999ed132ccf5","safetyMetadataDigest":"1cd4b8e795a4b9e1cc74a80c6746d884786d1369e9106290586d9724b5f0e196","stableErrorSetDigest":"36a9dba7360004736f42bb953b8b02545dca0af78a1a3334aeb7d95c0fc0af7c"}],"catalogDigest":"b7cfd0e3aac19c75a81347305ecf055894e10910854c5fe2168c38230e02a7f8","catalogIdentity":"support","catalogRevision":"v1","lockDigest":"4a1f12410089007ca5ef1613faad7f5a5b3cf8921fef5cd0a71e75fa3982916e","packagePortableDigest":"00165f500c6d060e774df30b153642d302ea478fe7b751e2a003a67ff3ac4977","resolvedFeatures":[],"resolverVersion":"0.1.0","schemaVersion":"kiteframe.dev/lock/v1alpha1"}
